// !$*UTF8*$!
{
	archiveVersion = 1;
	classes = {
	};
	objectVersion = 50;
	objects = {

/* Begin PBXBuildFile section */
		0B394792734ECD9AFECA08D7 /* Pods_HPMusic_HPMusicUITests.framework in Frameworks */ = {isa = PBXBuildFile; fileRef = 61F0BD8199E440C2AA7561CB /* Pods_HPMusic_HPMusicUITests.framework */; };
		849792EE68B09213DA9E52E0 /* Pods_HPMusicTests.framework in Frameworks */ = {isa = PBXBuildFile; fileRef = 90E2BA766F1566B4C125C79A /* Pods_HPMusicTests.framework */; };
		C05177C59C96977F2B79CF47 /* Pods_HPMusic.framework in Frameworks */ = {isa = PBXBuildFile; fileRef = 048737B8B2EF69038099A180 /* Pods_HPMusic.framework */; };
		EE1916E4255AC2C600D6F123 /* CourseCompletion.swift in Sources */ = {isa = PBXBuildFile; fileRef = EE1916E3255AC2C600D6F123 /* CourseCompletion.swift */; };
		EE22DA15255A3A1900D2D659 /* TypoExtension.swift in Sources */ = {isa = PBXBuildFile; fileRef = EE22DA14255A3A1900D2D659 /* TypoExtension.swift */; };
		EEA09495255A5F0000DD5351 /* CoursePlayerController.swift in Sources */ = {isa = PBXBuildFile; fileRef = EEA09494255A5F0000DD5351 /* CoursePlayerController.swift */; };
		EEB645A82538C0B2004776C8 /* Preview Assets.xcassets in Resources */ = {isa = PBXBuildFile; fileRef = EEB645A72538C0B2004776C8 /* Preview Assets.xcassets */; };
		EEB645C62538C1B5004776C8 /* InfoPlist.strings in Resources */ = {isa = PBXBuildFile; fileRef = EEB645C82538C1B5004776C8 /* InfoPlist.strings */; };
		EEB645D42538C284004776C8 /* CommunityView.swift in Sources */ = {isa = PBXBuildFile; fileRef = EEB645D32538C284004776C8 /* CommunityView.swift */; };
		EEB645D92538C28E004776C8 /* PersonalizeView.swift in Sources */ = {isa = PBXBuildFile; fileRef = EEB645D82538C28E004776C8 /* PersonalizeView.swift */; };
		EEB645DE2538C299004776C8 /* PracticeView.swift in Sources */ = {isa = PBXBuildFile; fileRef = EEB645DD2538C298004776C8 /* PracticeView.swift */; };
		EEB645E32538C2AE004776C8 /* CourseView.swift in Sources */ = {isa = PBXBuildFile; fileRef = EEB645E22538C2AE004776C8 /* CourseView.swift */; };
		EEB645E82538C2D1004776C8 /* MyView.swift in Sources */ = {isa = PBXBuildFile; fileRef = EEB645E72538C2D1004776C8 /* MyView.swift */; };
		EEB645EE2538C38B004776C8 /* CustomTabView.swift in Sources */ = {isa = PBXBuildFile; fileRef = EEB645ED2538C38B004776C8 /* CustomTabView.swift */; };
		EEB645F62538C53E004776C8 /* .gitignore in Resources */ = {isa = PBXBuildFile; fileRef = EEB645F52538C53E004776C8 /* .gitignore */; };
		EEB646012538C62F004776C8 /* README.md in Resources */ = {isa = PBXBuildFile; fileRef = EEB646002538C62F004776C8 /* README.md */; };
		EEC46316253E6DCB00404684 /* HPLoader.swift in Sources */ = {isa = PBXBuildFile; fileRef = EEC46315253E6DCB00404684 /* HPLoader.swift */; };
		EEC4631B253E988200404684 /* ColorExtension.swift in Sources */ = {isa = PBXBuildFile; fileRef = EEC4631A253E988200404684 /* ColorExtension.swift */; };
		EEC4EDCF2559A1D500731FCB /* CourseDescription.swift in Sources */ = {isa = PBXBuildFile; fileRef = EEC4EDCE2559A1D500731FCB /* CourseDescription.swift */; };
		EEC4EDD42559A1DF00731FCB /* CoursePlayer.swift in Sources */ = {isa = PBXBuildFile; fileRef = EEC4EDD32559A1DF00731FCB /* CoursePlayer.swift */; };
		EEC4EDE12559A20700731FCB /* DemoCourseController.swift in Sources */ = {isa = PBXBuildFile; fileRef = EEC4EDE02559A20700731FCB /* DemoCourseController.swift */; };
		EEC8D0D625598956000D60F1 /* PracticeStatisticsView.swift in Sources */ = {isa = PBXBuildFile; fileRef = EEC8D0D525598956000D60F1 /* PracticeStatisticsView.swift */; };
		EEC8D0E325599393000D60F1 /* CourseModel.swift in Sources */ = {isa = PBXBuildFile; fileRef = EEC8D0E225599393000D60F1 /* CourseModel.swift */; };
		EEC8D0E825599575000D60F1 /* CourseStage.swift in Sources */ = {isa = PBXBuildFile; fileRef = EEC8D0E725599575000D60F1 /* CourseStage.swift */; };
		EEC8D0F825599766000D60F1 /* CourseDescriptorItem.swift in Sources */ = {isa = PBXBuildFile; fileRef = EEC8D0F725599766000D60F1 /* CourseDescriptorItem.swift */; };
		EED59EA2255967E200A15D45 /* InstrumentSelector.swift in Sources */ = {isa = PBXBuildFile; fileRef = EED59EA1255967E200A15D45 /* InstrumentSelector.swift */; };
		EED59EA7255967F600A15D45 /* PracticePlayView.swift in Sources */ = {isa = PBXBuildFile; fileRef = EED59EA6255967F600A15D45 /* PracticePlayView.swift */; };
		EED59EAC2559682100A15D45 /* PracticeSkillPocketView.swift in Sources */ = {isa = PBXBuildFile; fileRef = EED59EAB2559682100A15D45 /* PracticeSkillPocketView.swift */; };
		EED59EB12559684000A15D45 /* PracticeMovementView.swift in Sources */ = {isa = PBXBuildFile; fileRef = EED59EB02559684000A15D45 /* PracticeMovementView.swift */; };
		EED59EB62559684C00A15D45 /* PracticeSongLibraryView.swift in Sources */ = {isa = PBXBuildFile; fileRef = EED59EB52559684C00A15D45 /* PracticeSongLibraryView.swift */; };
		EED59EBB255971A000A15D45 /* HPAnimation.swift in Sources */ = {isa = PBXBuildFile; fileRef = EED59EBA255971A000A15D45 /* HPAnimation.swift */; };
		EEE02DB725386E03001D5198 /* HPMusicApp.swift in Sources */ = {isa = PBXBuildFile; fileRef = EEE02DB625386E03001D5198 /* HPMusicApp.swift */; };
		EEE02DB925386E03001D5198 /* ContentView.swift in Sources */ = {isa = PBXBuildFile; fileRef = EEE02DB825386E03001D5198 /* ContentView.swift */; };
		EEE02DC025386E05001D5198 /* Persistence.swift in Sources */ = {isa = PBXBuildFile; fileRef = EEE02DBF25386E05001D5198 /* Persistence.swift */; };
		EEE02DC325386E05001D5198 /* HPMusic.xcdatamodeld in Sources */ = {isa = PBXBuildFile; fileRef = EEE02DC125386E05001D5198 /* HPMusic.xcdatamodeld */; };
		EEE02DCE25386E06001D5198 /* HPMusicTests.swift in Sources */ = {isa = PBXBuildFile; fileRef = EEE02DCD25386E06001D5198 /* HPMusicTests.swift */; };
		EEE02DD925386E06001D5198 /* HPMusicUITests.swift in Sources */ = {isa = PBXBuildFile; fileRef = EEE02DD825386E06001D5198 /* HPMusicUITests.swift */; };
		EEF864BA2559B16900D18C57 /* Search.swift in Sources */ = {isa = PBXBuildFile; fileRef = EEF864B92559B16900D18C57 /* Search.swift */; };
		EEFA850D2538B20700C4BDB6 /* Assets.xcassets in Resources */ = {isa = PBXBuildFile; fileRef = EEE02DBA25386E05001D5198 /* Assets.xcassets */; };
		EEFA85442538B77300C4BDB6 /* Localization.strings in Resources */ = {isa = PBXBuildFile; fileRef = EEFA85462538B77300C4BDB6 /* Localization.strings */; };
		EEFA855E2538B9C000C4BDB6 /* Localization.swift in Sources */ = {isa = PBXBuildFile; fileRef = EEFA855D2538B9C000C4BDB6 /* Localization.swift */; };
		EEFA85662538BA2F00C4BDB6 /* Config.plist in Resources */ = {isa = PBXBuildFile; fileRef = EEFA85652538BA2F00C4BDB6 /* Config.plist */; };
		EEFA856F2538BB3800C4BDB6 /* Utils.swift in Sources */ = {isa = PBXBuildFile; fileRef = EEFA856E2538BB3800C4BDB6 /* Utils.swift */; };
/* End PBXBuildFile section */

/* Begin PBXContainerItemProxy section */
		EEE02DCA25386E06001D5198 /* PBXContainerItemProxy */ = {
			isa = PBXContainerItemProxy;
			containerPortal = EEE02DAB25386E03001D5198 /* Project object */;
			proxyType = 1;
			remoteGlobalIDString = EEE02DB225386E03001D5198;
			remoteInfo = HPMusic;
		};
		EEE02DD525386E06001D5198 /* PBXContainerItemProxy */ = {
			isa = PBXContainerItemProxy;
			containerPortal = EEE02DAB25386E03001D5198 /* Project object */;
			proxyType = 1;
			remoteGlobalIDString = EEE02DB225386E03001D5198;
			remoteInfo = HPMusic;
		};
/* End PBXContainerItemProxy section */

/* Begin PBXFileReference section */
		048737B8B2EF69038099A180 /* Pods_HPMusic.framework */ = {isa = PBXFileReference; explicitFileType = wrapper.framework; includeInIndex = 0; path = Pods_HPMusic.framework; sourceTree = BUILT_PRODUCTS_DIR; };
		11CCD300A8BAE8AE279BA798 /* Pods-HPMusic.release.xcconfig */ = {isa = PBXFileReference; includeInIndex = 1; lastKnownFileType = text.xcconfig; name = "Pods-HPMusic.release.xcconfig"; path = "Target Support Files/Pods-HPMusic/Pods-HPMusic.release.xcconfig"; sourceTree = "<group>"; };
		34E9325704952AB5B1CC07B0 /* Pods-HPMusicTests.release.xcconfig */ = {isa = PBXFileReference; includeInIndex = 1; lastKnownFileType = text.xcconfig; name = "Pods-HPMusicTests.release.xcconfig"; path = "Target Support Files/Pods-HPMusicTests/Pods-HPMusicTests.release.xcconfig"; sourceTree = "<group>"; };
		5F352F5B49D23D5F2E510307 /* Pods-HPMusic-HPMusicUITests.release.xcconfig */ = {isa = PBXFileReference; includeInIndex = 1; lastKnownFileType = text.xcconfig; name = "Pods-HPMusic-HPMusicUITests.release.xcconfig"; path = "Target Support Files/Pods-HPMusic-HPMusicUITests/Pods-HPMusic-HPMusicUITests.release.xcconfig"; sourceTree = "<group>"; };
		61F0BD8199E440C2AA7561CB /* Pods_HPMusic_HPMusicUITests.framework */ = {isa = PBXFileReference; explicitFileType = wrapper.framework; includeInIndex = 0; path = Pods_HPMusic_HPMusicUITests.framework; sourceTree = BUILT_PRODUCTS_DIR; };
		90E2BA766F1566B4C125C79A /* Pods_HPMusicTests.framework */ = {isa = PBXFileReference; explicitFileType = wrapper.framework; includeInIndex = 0; path = Pods_HPMusicTests.framework; sourceTree = BUILT_PRODUCTS_DIR; };
		A03E3D90F6DBEB8C3DD73ADD /* Pods-HPMusic.debug.xcconfig */ = {isa = PBXFileReference; includeInIndex = 1; lastKnownFileType = text.xcconfig; name = "Pods-HPMusic.debug.xcconfig"; path = "Target Support Files/Pods-HPMusic/Pods-HPMusic.debug.xcconfig"; sourceTree = "<group>"; };
		E6E4E659D1735F30FF7C1188 /* Pods-HPMusic-HPMusicUITests.debug.xcconfig */ = {isa = PBXFileReference; includeInIndex = 1; lastKnownFileType = text.xcconfig; name = "Pods-HPMusic-HPMusicUITests.debug.xcconfig"; path = "Target Support Files/Pods-HPMusic-HPMusicUITests/Pods-HPMusic-HPMusicUITests.debug.xcconfig"; sourceTree = "<group>"; };
		EE1916E3255AC2C600D6F123 /* CourseCompletion.swift */ = {isa = PBXFileReference; lastKnownFileType = sourcecode.swift; path = CourseCompletion.swift; sourceTree = "<group>"; };
		EE22DA14255A3A1900D2D659 /* TypoExtension.swift */ = {isa = PBXFileReference; lastKnownFileType = sourcecode.swift; path = TypoExtension.swift; sourceTree = "<group>"; };
		EEA09494255A5F0000DD5351 /* CoursePlayerController.swift */ = {isa = PBXFileReference; lastKnownFileType = sourcecode.swift; path = CoursePlayerController.swift; sourceTree = "<group>"; };
		EEB645A72538C0B2004776C8 /* Preview Assets.xcassets */ = {isa = PBXFileReference; lastKnownFileType = folder.assetcatalog; path = "Preview Assets.xcassets"; sourceTree = "<group>"; };
		EEB645AC2538C0DD004776C8 /* Info.plist */ = {isa = PBXFileReference; fileEncoding = 4; lastKnownFileType = text.plist.xml; name = Info.plist; path = HPMusic/Info.plist; sourceTree = SOURCE_ROOT; };
		EEB645C72538C1B5004776C8 /* zh-Hans */ = {isa = PBXFileReference; lastKnownFileType = text.plist.strings; name = "zh-Hans"; path = "zh-Hans.lproj/InfoPlist.strings"; sourceTree = "<group>"; };
		EEB645CC2538C1B8004776C8 /* en */ = {isa = PBXFileReference; lastKnownFileType = text.plist.strings; name = en; path = en.lproj/InfoPlist.strings; sourceTree = "<group>"; };
		EEB645D32538C284004776C8 /* CommunityView.swift */ = {isa = PBXFileReference; lastKnownFileType = sourcecode.swift; path = CommunityView.swift; sourceTree = "<group>"; };
		EEB645D82538C28E004776C8 /* PersonalizeView.swift */ = {isa = PBXFileReference; lastKnownFileType = sourcecode.swift; path = PersonalizeView.swift; sourceTree = "<group>"; };
		EEB645DD2538C298004776C8 /* PracticeView.swift */ = {isa = PBXFileReference; lastKnownFileType = sourcecode.swift; path = PracticeView.swift; sourceTree = "<group>"; };
		EEB645E22538C2AE004776C8 /* CourseView.swift */ = {isa = PBXFileReference; lastKnownFileType = sourcecode.swift; path = CourseView.swift; sourceTree = "<group>"; };
		EEB645E72538C2D1004776C8 /* MyView.swift */ = {isa = PBXFileReference; lastKnownFileType = sourcecode.swift; path = MyView.swift; sourceTree = "<group>"; };
		EEB645ED2538C38B004776C8 /* CustomTabView.swift */ = {isa = PBXFileReference; lastKnownFileType = sourcecode.swift; path = CustomTabView.swift; sourceTree = "<group>"; };
		EEB645F52538C53E004776C8 /* .gitignore */ = {isa = PBXFileReference; lastKnownFileType = text; path = .gitignore; sourceTree = SOURCE_ROOT; };
		EEB646002538C62F004776C8 /* README.md */ = {isa = PBXFileReference; lastKnownFileType = net.daringfireball.markdown; path = README.md; sourceTree = "<group>"; };
		EEC46315253E6DCB00404684 /* HPLoader.swift */ = {isa = PBXFileReference; lastKnownFileType = sourcecode.swift; path = HPLoader.swift; sourceTree = "<group>"; };
		EEC4631A253E988200404684 /* ColorExtension.swift */ = {isa = PBXFileReference; lastKnownFileType = sourcecode.swift; path = ColorExtension.swift; sourceTree = "<group>"; };
		EEC4EDCE2559A1D500731FCB /* CourseDescription.swift */ = {isa = PBXFileReference; lastKnownFileType = sourcecode.swift; path = CourseDescription.swift; sourceTree = "<group>"; };
		EEC4EDD32559A1DF00731FCB /* CoursePlayer.swift */ = {isa = PBXFileReference; lastKnownFileType = sourcecode.swift; path = CoursePlayer.swift; sourceTree = "<group>"; };
		EEC4EDE02559A20700731FCB /* DemoCourseController.swift */ = {isa = PBXFileReference; lastKnownFileType = sourcecode.swift; path = DemoCourseController.swift; sourceTree = "<group>"; };
		EEC8D0D525598956000D60F1 /* PracticeStatisticsView.swift */ = {isa = PBXFileReference; lastKnownFileType = sourcecode.swift; path = PracticeStatisticsView.swift; sourceTree = "<group>"; };
		EEC8D0E225599393000D60F1 /* CourseModel.swift */ = {isa = PBXFileReference; lastKnownFileType = sourcecode.swift; path = CourseModel.swift; sourceTree = "<group>"; };
		EEC8D0E725599575000D60F1 /* CourseStage.swift */ = {isa = PBXFileReference; lastKnownFileType = sourcecode.swift; path = CourseStage.swift; sourceTree = "<group>"; };
		EEC8D0F725599766000D60F1 /* CourseDescriptorItem.swift */ = {isa = PBXFileReference; lastKnownFileType = sourcecode.swift; path = CourseDescriptorItem.swift; sourceTree = "<group>"; };
		EED59EA1255967E200A15D45 /* InstrumentSelector.swift */ = {isa = PBXFileReference; lastKnownFileType = sourcecode.swift; path = InstrumentSelector.swift; sourceTree = "<group>"; };
		EED59EA6255967F600A15D45 /* PracticePlayView.swift */ = {isa = PBXFileReference; lastKnownFileType = sourcecode.swift; path = PracticePlayView.swift; sourceTree = "<group>"; };
		EED59EAB2559682100A15D45 /* PracticeSkillPocketView.swift */ = {isa = PBXFileReference; lastKnownFileType = sourcecode.swift; path = PracticeSkillPocketView.swift; sourceTree = "<group>"; };
		EED59EB02559684000A15D45 /* PracticeMovementView.swift */ = {isa = PBXFileReference; lastKnownFileType = sourcecode.swift; path = PracticeMovementView.swift; sourceTree = "<group>"; };
		EED59EB52559684C00A15D45 /* PracticeSongLibraryView.swift */ = {isa = PBXFileReference; lastKnownFileType = sourcecode.swift; path = PracticeSongLibraryView.swift; sourceTree = "<group>"; };
		EED59EBA255971A000A15D45 /* HPAnimation.swift */ = {isa = PBXFileReference; lastKnownFileType = sourcecode.swift; path = HPAnimation.swift; sourceTree = "<group>"; };
		EED97DFD25517A5600299E57 /* zh-Hans */ = {isa = PBXFileReference; lastKnownFileType = text.plist.strings; name = "zh-Hans"; path = "zh-Hans.lproj/Localization.strings"; sourceTree = "<group>"; };
		EEE02DB325386E03001D5198 /* HPMusic.app */ = {isa = PBXFileReference; explicitFileType = wrapper.application; includeInIndex = 0; path = HPMusic.app; sourceTree = BUILT_PRODUCTS_DIR; };
		EEE02DB625386E03001D5198 /* HPMusicApp.swift */ = {isa = PBXFileReference; lastKnownFileType = sourcecode.swift; path = HPMusicApp.swift; sourceTree = "<group>"; };
		EEE02DB825386E03001D5198 /* ContentView.swift */ = {isa = PBXFileReference; lastKnownFileType = sourcecode.swift; path = ContentView.swift; sourceTree = "<group>"; };
		EEE02DBA25386E05001D5198 /* Assets.xcassets */ = {isa = PBXFileReference; lastKnownFileType = folder.assetcatalog; path = Assets.xcassets; sourceTree = "<group>"; };
		EEE02DBF25386E05001D5198 /* Persistence.swift */ = {isa = PBXFileReference; lastKnownFileType = sourcecode.swift; path = Persistence.swift; sourceTree = "<group>"; };
		EEE02DC225386E05001D5198 /* HPMusic.xcdatamodel */ = {isa = PBXFileReference; lastKnownFileType = wrapper.xcdatamodel; path = HPMusic.xcdatamodel; sourceTree = "<group>"; };
		EEE02DC925386E06001D5198 /* HPMusicTests.xctest */ = {isa = PBXFileReference; explicitFileType = wrapper.cfbundle; includeInIndex = 0; path = HPMusicTests.xctest; sourceTree = BUILT_PRODUCTS_DIR; };
		EEE02DCD25386E06001D5198 /* HPMusicTests.swift */ = {isa = PBXFileReference; lastKnownFileType = sourcecode.swift; path = HPMusicTests.swift; sourceTree = "<group>"; };
		EEE02DCF25386E06001D5198 /* Info.plist */ = {isa = PBXFileReference; lastKnownFileType = text.plist.xml; path = Info.plist; sourceTree = "<group>"; };
		EEE02DD425386E06001D5198 /* HPMusicUITests.xctest */ = {isa = PBXFileReference; explicitFileType = wrapper.cfbundle; includeInIndex = 0; path = HPMusicUITests.xctest; sourceTree = BUILT_PRODUCTS_DIR; };
		EEE02DD825386E06001D5198 /* HPMusicUITests.swift */ = {isa = PBXFileReference; lastKnownFileType = sourcecode.swift; path = HPMusicUITests.swift; sourceTree = "<group>"; };
		EEE02DDA25386E06001D5198 /* Info.plist */ = {isa = PBXFileReference; lastKnownFileType = text.plist.xml; path = Info.plist; sourceTree = "<group>"; };
		EEF864B92559B16900D18C57 /* Search.swift */ = {isa = PBXFileReference; lastKnownFileType = sourcecode.swift; path = Search.swift; sourceTree = "<group>"; };
		EEFA854A2538B77600C4BDB6 /* en */ = {isa = PBXFileReference; lastKnownFileType = text.plist.strings; name = en; path = en.lproj/Localization.strings; sourceTree = "<group>"; };
		EEFA855D2538B9C000C4BDB6 /* Localization.swift */ = {isa = PBXFileReference; lastKnownFileType = sourcecode.swift; path = Localization.swift; sourceTree = "<group>"; };
		EEFA85652538BA2F00C4BDB6 /* Config.plist */ = {isa = PBXFileReference; lastKnownFileType = text.plist.xml; path = Config.plist; sourceTree = "<group>"; };
		EEFA856E2538BB3800C4BDB6 /* Utils.swift */ = {isa = PBXFileReference; lastKnownFileType = sourcecode.swift; path = Utils.swift; sourceTree = "<group>"; };
		F1D4B2FA95E5A746A43EEA80 /* Pods-HPMusicTests.debug.xcconfig */ = {isa = PBXFileReference; includeInIndex = 1; lastKnownFileType = text.xcconfig; name = "Pods-HPMusicTests.debug.xcconfig"; path = "Target Support Files/Pods-HPMusicTests/Pods-HPMusicTests.debug.xcconfig"; sourceTree = "<group>"; };
/* End PBXFileReference section */

/* Begin PBXFrameworksBuildPhase section */
		EEE02DB025386E03001D5198 /* Frameworks */ = {
			isa = PBXFrameworksBuildPhase;
			buildActionMask = 2147483647;
			files = (
				C05177C59C96977F2B79CF47 /* Pods_HPMusic.framework in Frameworks */,
			);
			runOnlyForDeploymentPostprocessing = 0;
		};
		EEE02DC625386E06001D5198 /* Frameworks */ = {
			isa = PBXFrameworksBuildPhase;
			buildActionMask = 2147483647;
			files = (
				849792EE68B09213DA9E52E0 /* Pods_HPMusicTests.framework in Frameworks */,
			);
			runOnlyForDeploymentPostprocessing = 0;
		};
		EEE02DD125386E06001D5198 /* Frameworks */ = {
			isa = PBXFrameworksBuildPhase;
			buildActionMask = 2147483647;
			files = (
				0B394792734ECD9AFECA08D7 /* Pods_HPMusic_HPMusicUITests.framework in Frameworks */,
			);
			runOnlyForDeploymentPostprocessing = 0;
		};
/* End PBXFrameworksBuildPhase section */

/* Begin PBXGroup section */
		1FCC65366CCFB48D0E8ABA44 /* Frameworks */ = {
			isa = PBXGroup;
			children = (
				048737B8B2EF69038099A180 /* Pods_HPMusic.framework */,
				61F0BD8199E440C2AA7561CB /* Pods_HPMusic_HPMusicUITests.framework */,
				90E2BA766F1566B4C125C79A /* Pods_HPMusicTests.framework */,
			);
			name = Frameworks;
			sourceTree = "<group>";
		};
		D5486BCF03331DCD445BF326 /* Pods */ = {
			isa = PBXGroup;
			children = (
				A03E3D90F6DBEB8C3DD73ADD /* Pods-HPMusic.debug.xcconfig */,
				11CCD300A8BAE8AE279BA798 /* Pods-HPMusic.release.xcconfig */,
				E6E4E659D1735F30FF7C1188 /* Pods-HPMusic-HPMusicUITests.debug.xcconfig */,
				5F352F5B49D23D5F2E510307 /* Pods-HPMusic-HPMusicUITests.release.xcconfig */,
				F1D4B2FA95E5A746A43EEA80 /* Pods-HPMusicTests.debug.xcconfig */,
				34E9325704952AB5B1CC07B0 /* Pods-HPMusicTests.release.xcconfig */,
			);
			path = Pods;
			sourceTree = "<group>";
		};
		EEB645A32538C08F004776C8 /* Preview Content */ = {
			isa = PBXGroup;
			children = (
				EEB645A72538C0B2004776C8 /* Preview Assets.xcassets */,
			);
			path = "Preview Content";
			sourceTree = "<group>";
		};
		EEB645EC2538C37E004776C8 /* Components */ = {
			isa = PBXGroup;
			children = (
				EEB645ED2538C38B004776C8 /* CustomTabView.swift */,
				EEC46315253E6DCB00404684 /* HPLoader.swift */,
				EEF864B92559B16900D18C57 /* Search.swift */,
			);
			path = Components;
			sourceTree = "<group>";
		};
		EEC4EDC22559A19400731FCB /* Course */ = {
			isa = PBXGroup;
			children = (
				EEC4EDCE2559A1D500731FCB /* CourseDescription.swift */,
				EEC4EDD32559A1DF00731FCB /* CoursePlayer.swift */,
				EE1916E3255AC2C600D6F123 /* CourseCompletion.swift */,
			);
			path = Course;
			sourceTree = "<group>";
		};
		EED59E95255963CE00A15D45 /* Practice */ = {
			isa = PBXGroup;
			children = (
				EED59EA1255967E200A15D45 /* InstrumentSelector.swift */,
				EED59EA6255967F600A15D45 /* PracticePlayView.swift */,
				EED59EAB2559682100A15D45 /* PracticeSkillPocketView.swift */,
				EED59EB02559684000A15D45 /* PracticeMovementView.swift */,
				EED59EB52559684C00A15D45 /* PracticeSongLibraryView.swift */,
				EEC8D0D525598956000D60F1 /* PracticeStatisticsView.swift */,
			);
			path = Practice;
			sourceTree = "<group>";
		};
		EEE02DAA25386E03001D5198 = {
			isa = PBXGroup;
			children = (
				EEB646002538C62F004776C8 /* README.md */,
				EEB645F52538C53E004776C8 /* .gitignore */,
				EEE02DB525386E03001D5198 /* HPMusic */,
				EEE02DCC25386E06001D5198 /* HPMusicTests */,
				EEE02DD725386E06001D5198 /* HPMusicUITests */,
				EEE02DB425386E03001D5198 /* Products */,
				D5486BCF03331DCD445BF326 /* Pods */,
				1FCC65366CCFB48D0E8ABA44 /* Frameworks */,
			);
			sourceTree = "<group>";
		};
		EEE02DB425386E03001D5198 /* Products */ = {
			isa = PBXGroup;
			children = (
				EEE02DB325386E03001D5198 /* HPMusic.app */,
				EEE02DC925386E06001D5198 /* HPMusicTests.xctest */,
				EEE02DD425386E06001D5198 /* HPMusicUITests.xctest */,
			);
			name = Products;
			sourceTree = "<group>";
		};
		EEE02DB525386E03001D5198 /* HPMusic */ = {
			isa = PBXGroup;
			children = (
				EEFA84FE2538ADAE00C4BDB6 /* View */,
				EEFA85012538ADCD00C4BDB6 /* Service */,
				EEFA84FF2538ADB700C4BDB6 /* Controller */,
				EEFA85002538ADC100C4BDB6 /* Model */,
				EEFA855C2538B9A600C4BDB6 /* Utils */,
				EEFA85652538BA2F00C4BDB6 /* Config.plist */,
				EEE02DB625386E03001D5198 /* HPMusicApp.swift */,
				EEE02DB825386E03001D5198 /* ContentView.swift */,
				EEE02DBF25386E05001D5198 /* Persistence.swift */,
				EEB645AC2538C0DD004776C8 /* Info.plist */,
				EEB645C82538C1B5004776C8 /* InfoPlist.strings */,
				EEFA85462538B77300C4BDB6 /* Localization.strings */,
				EEE02DBA25386E05001D5198 /* Assets.xcassets */,
				EEE02DC125386E05001D5198 /* HPMusic.xcdatamodeld */,
				EEB645A32538C08F004776C8 /* Preview Content */,
			);
			path = HPMusic;
			sourceTree = "<group>";
		};
		EEE02DCC25386E06001D5198 /* HPMusicTests */ = {
			isa = PBXGroup;
			children = (
				EEE02DCD25386E06001D5198 /* HPMusicTests.swift */,
				EEE02DCF25386E06001D5198 /* Info.plist */,
			);
			path = HPMusicTests;
			sourceTree = "<group>";
		};
		EEE02DD725386E06001D5198 /* HPMusicUITests */ = {
			isa = PBXGroup;
			children = (
				EEE02DD825386E06001D5198 /* HPMusicUITests.swift */,
				EEE02DDA25386E06001D5198 /* Info.plist */,
			);
			path = HPMusicUITests;
			sourceTree = "<group>";
		};
		EEFA84FE2538ADAE00C4BDB6 /* View */ = {
			isa = PBXGroup;
			children = (
				EEC4EDC22559A19400731FCB /* Course */,
				EED59E95255963CE00A15D45 /* Practice */,
				EEB645EC2538C37E004776C8 /* Components */,
				EEB645D32538C284004776C8 /* CommunityView.swift */,
				EEB645D82538C28E004776C8 /* PersonalizeView.swift */,
				EEB645DD2538C298004776C8 /* PracticeView.swift */,
				EEB645E22538C2AE004776C8 /* CourseView.swift */,
				EEB645E72538C2D1004776C8 /* MyView.swift */,
			);
			path = View;
			sourceTree = "<group>";
		};
		EEFA84FF2538ADB700C4BDB6 /* Controller */ = {
			isa = PBXGroup;
			children = (
				EEC4EDE02559A20700731FCB /* DemoCourseController.swift */,
				EEA09494255A5F0000DD5351 /* CoursePlayerController.swift */,
			);
			path = Controller;
			sourceTree = "<group>";
		};
		EEFA85002538ADC100C4BDB6 /* Model */ = {
			isa = PBXGroup;
			children = (
				EEC8D0E225599393000D60F1 /* CourseModel.swift */,
				EEC8D0E725599575000D60F1 /* CourseStage.swift */,
				EEC8D0F725599766000D60F1 /* CourseDescriptorItem.swift */,
			);
			path = Model;
			sourceTree = "<group>";
		};
		EEFA85012538ADCD00C4BDB6 /* Service */ = {
			isa = PBXGroup;
			children = (
			);
			path = Service;
			sourceTree = "<group>";
		};
		EEFA855C2538B9A600C4BDB6 /* Utils */ = {
			isa = PBXGroup;
			children = (
				EEC4631A253E988200404684 /* ColorExtension.swift */,
				EEFA855D2538B9C000C4BDB6 /* Localization.swift */,
				EEFA856E2538BB3800C4BDB6 /* Utils.swift */,
				EED59EBA255971A000A15D45 /* HPAnimation.swift */,
				EE22DA14255A3A1900D2D659 /* TypoExtension.swift */,
			);
			path = Utils;
			sourceTree = "<group>";
		};
/* End PBXGroup section */

/* Begin PBXNativeTarget section */
		EEE02DB225386E03001D5198 /* HPMusic */ = {
			isa = PBXNativeTarget;
			buildConfigurationList = EEE02DDD25386E06001D5198 /* Build configuration list for PBXNativeTarget "HPMusic" */;
			buildPhases = (
				6AAACB95E1F5AB9FB845CB4F /* [CP] Check Pods Manifest.lock */,
				EEE02DAF25386E03001D5198 /* Sources */,
				EEE02DB025386E03001D5198 /* Frameworks */,
				EEE02DB125386E03001D5198 /* Resources */,
			);
			buildRules = (
			);
			dependencies = (
			);
			name = HPMusic;
			productName = HPMusic;
			productReference = EEE02DB325386E03001D5198 /* HPMusic.app */;
			productType = "com.apple.product-type.application";
		};
		EEE02DC825386E06001D5198 /* HPMusicTests */ = {
			isa = PBXNativeTarget;
			buildConfigurationList = EEE02DE025386E06001D5198 /* Build configuration list for PBXNativeTarget "HPMusicTests" */;
			buildPhases = (
				6A561EA8C6615C46F754A2E7 /* [CP] Check Pods Manifest.lock */,
				EEE02DC525386E06001D5198 /* Sources */,
				EEE02DC625386E06001D5198 /* Frameworks */,
				EEE02DC725386E06001D5198 /* Resources */,
			);
			buildRules = (
			);
			dependencies = (
				EEE02DCB25386E06001D5198 /* PBXTargetDependency */,
			);
			name = HPMusicTests;
			productName = HPMusicTests;
			productReference = EEE02DC925386E06001D5198 /* HPMusicTests.xctest */;
			productType = "com.apple.product-type.bundle.unit-test";
		};
		EEE02DD325386E06001D5198 /* HPMusicUITests */ = {
			isa = PBXNativeTarget;
			buildConfigurationList = EEE02DE325386E06001D5198 /* Build configuration list for PBXNativeTarget "HPMusicUITests" */;
			buildPhases = (
				E85ABE4E7CAED059CFC05C93 /* [CP] Check Pods Manifest.lock */,
				EEE02DD025386E06001D5198 /* Sources */,
				EEE02DD125386E06001D5198 /* Frameworks */,
				EEE02DD225386E06001D5198 /* Resources */,
			);
			buildRules = (
			);
			dependencies = (
				EEE02DD625386E06001D5198 /* PBXTargetDependency */,
			);
			name = HPMusicUITests;
			productName = HPMusicUITests;
			productReference = EEE02DD425386E06001D5198 /* HPMusicUITests.xctest */;
			productType = "com.apple.product-type.bundle.ui-testing";
		};
/* End PBXNativeTarget section */

/* Begin PBXProject section */
		EEE02DAB25386E03001D5198 /* Project object */ = {
			isa = PBXProject;
			attributes = {
				LastSwiftUpdateCheck = 1200;
				LastUpgradeCheck = 1210;
				TargetAttributes = {
					EEE02DB225386E03001D5198 = {
						CreatedOnToolsVersion = 12.0;
					};
					EEE02DC825386E06001D5198 = {
						CreatedOnToolsVersion = 12.0;
						TestTargetID = EEE02DB225386E03001D5198;
					};
					EEE02DD325386E06001D5198 = {
						CreatedOnToolsVersion = 12.0;
						TestTargetID = EEE02DB225386E03001D5198;
					};
				};
			};
			buildConfigurationList = EEE02DAE25386E03001D5198 /* Build configuration list for PBXProject "HPMusic" */;
			compatibilityVersion = "Xcode 9.3";
			developmentRegion = en;
			hasScannedForEncodings = 0;
			knownRegions = (
				en,
				"zh-Hans",
				Base,
			);
			mainGroup = EEE02DAA25386E03001D5198;
			productRefGroup = EEE02DB425386E03001D5198 /* Products */;
			projectDirPath = "";
			projectRoot = "";
			targets = (
				EEE02DB225386E03001D5198 /* HPMusic */,
				EEE02DC825386E06001D5198 /* HPMusicTests */,
				EEE02DD325386E06001D5198 /* HPMusicUITests */,
			);
		};
/* End PBXProject section */

/* Begin PBXResourcesBuildPhase section */
		EEE02DB125386E03001D5198 /* Resources */ = {
			isa = PBXResourcesBuildPhase;
			buildActionMask = 2147483647;
			files = (
				EEB645A82538C0B2004776C8 /* Preview Assets.xcassets in Resources */,
				EEFA85662538BA2F00C4BDB6 /* Config.plist in Resources */,
				EEFA850D2538B20700C4BDB6 /* Assets.xcassets in Resources */,
				EEB646012538C62F004776C8 /* README.md in Resources */,
				EEFA85442538B77300C4BDB6 /* Localization.strings in Resources */,
				EEB645F62538C53E004776C8 /* .gitignore in Resources */,
				EEB645C62538C1B5004776C8 /* InfoPlist.strings in Resources */,
			);
			runOnlyForDeploymentPostprocessing = 0;
		};
		EEE02DC725386E06001D5198 /* Resources */ = {
			isa = PBXResourcesBuildPhase;
			buildActionMask = 2147483647;
			files = (
			);
			runOnlyForDeploymentPostprocessing = 0;
		};
		EEE02DD225386E06001D5198 /* Resources */ = {
			isa = PBXResourcesBuildPhase;
			buildActionMask = 2147483647;
			files = (
			);
			runOnlyForDeploymentPostprocessing = 0;
		};
/* End PBXResourcesBuildPhase section */

/* Begin PBXShellScriptBuildPhase section */
		6A561EA8C6615C46F754A2E7 /* [CP] Check Pods Manifest.lock */ = {
			isa = PBXShellScriptBuildPhase;
			buildActionMask = 2147483647;
			files = (
			);
			inputFileListPaths = (
			);
			inputPaths = (
				"${PODS_PODFILE_DIR_PATH}/Podfile.lock",
				"${PODS_ROOT}/Manifest.lock",
			);
			name = "[CP] Check Pods Manifest.lock";
			outputFileListPaths = (
			);
			outputPaths = (
				"$(DERIVED_FILE_DIR)/Pods-HPMusicTests-checkManifestLockResult.txt",
			);
			runOnlyForDeploymentPostprocessing = 0;
			shellPath = /bin/sh;
			shellScript = "diff \"${PODS_PODFILE_DIR_PATH}/Podfile.lock\" \"${PODS_ROOT}/Manifest.lock\" > /dev/null\nif [ $? != 0 ] ; then\n    # print error to STDERR\n    echo \"error: The sandbox is not in sync with the Podfile.lock. Run 'pod install' or update your CocoaPods installation.\" >&2\n    exit 1\nfi\n# This output is used by Xcode 'outputs' to avoid re-running this script phase.\necho \"SUCCESS\" > \"${SCRIPT_OUTPUT_FILE_0}\"\n";
			showEnvVarsInLog = 0;
		};
		6AAACB95E1F5AB9FB845CB4F /* [CP] Check Pods Manifest.lock */ = {
			isa = PBXShellScriptBuildPhase;
			buildActionMask = 2147483647;
			files = (
			);
			inputFileListPaths = (
			);
			inputPaths = (
				"${PODS_PODFILE_DIR_PATH}/Podfile.lock",
				"${PODS_ROOT}/Manifest.lock",
			);
			name = "[CP] Check Pods Manifest.lock";
			outputFileListPaths = (
			);
			outputPaths = (
				"$(DERIVED_FILE_DIR)/Pods-HPMusic-checkManifestLockResult.txt",
			);
			runOnlyForDeploymentPostprocessing = 0;
			shellPath = /bin/sh;
			shellScript = "diff \"${PODS_PODFILE_DIR_PATH}/Podfile.lock\" \"${PODS_ROOT}/Manifest.lock\" > /dev/null\nif [ $? != 0 ] ; then\n    # print error to STDERR\n    echo \"error: The sandbox is not in sync with the Podfile.lock. Run 'pod install' or update your CocoaPods installation.\" >&2\n    exit 1\nfi\n# This output is used by Xcode 'outputs' to avoid re-running this script phase.\necho \"SUCCESS\" > \"${SCRIPT_OUTPUT_FILE_0}\"\n";
			showEnvVarsInLog = 0;
		};
		E85ABE4E7CAED059CFC05C93 /* [CP] Check Pods Manifest.lock */ = {
			isa = PBXShellScriptBuildPhase;
			buildActionMask = 2147483647;
			files = (
			);
			inputFileListPaths = (
			);
			inputPaths = (
				"${PODS_PODFILE_DIR_PATH}/Podfile.lock",
				"${PODS_ROOT}/Manifest.lock",
			);
			name = "[CP] Check Pods Manifest.lock";
			outputFileListPaths = (
			);
			outputPaths = (
				"$(DERIVED_FILE_DIR)/Pods-HPMusic-HPMusicUITests-checkManifestLockResult.txt",
			);
			runOnlyForDeploymentPostprocessing = 0;
			shellPath = /bin/sh;
			shellScript = "diff \"${PODS_PODFILE_DIR_PATH}/Podfile.lock\" \"${PODS_ROOT}/Manifest.lock\" > /dev/null\nif [ $? != 0 ] ; then\n    # print error to STDERR\n    echo \"error: The sandbox is not in sync with the Podfile.lock. Run 'pod install' or update your CocoaPods installation.\" >&2\n    exit 1\nfi\n# This output is used by Xcode 'outputs' to avoid re-running this script phase.\necho \"SUCCESS\" > \"${SCRIPT_OUTPUT_FILE_0}\"\n";
			showEnvVarsInLog = 0;
		};
/* End PBXShellScriptBuildPhase section */

/* Begin PBXSourcesBuildPhase section */
		EEE02DAF25386E03001D5198 /* Sources */ = {
			isa = PBXSourcesBuildPhase;
			buildActionMask = 2147483647;
			files = (
				EEB645DE2538C299004776C8 /* PracticeView.swift in Sources */,
				EEC8D0E825599575000D60F1 /* CourseStage.swift in Sources */,
				EED59EBB255971A000A15D45 /* HPAnimation.swift in Sources */,
				EEE02DC025386E05001D5198 /* Persistence.swift in Sources */,
				EE1916E4255AC2C600D6F123 /* CourseCompletion.swift in Sources */,
				EEB645E32538C2AE004776C8 /* CourseView.swift in Sources */,
				EEC8D0D625598956000D60F1 /* PracticeStatisticsView.swift in Sources */,
				EEB645EE2538C38B004776C8 /* CustomTabView.swift in Sources */,
				EEFA855E2538B9C000C4BDB6 /* Localization.swift in Sources */,
				EE22DA15255A3A1900D2D659 /* TypoExtension.swift in Sources */,
				EEE02DC325386E05001D5198 /* HPMusic.xcdatamodeld in Sources */,
				EEE02DB925386E03001D5198 /* ContentView.swift in Sources */,
				EEC46316253E6DCB00404684 /* HPLoader.swift in Sources */,
				EEE02DB725386E03001D5198 /* HPMusicApp.swift in Sources */,
				EED59EA7255967F600A15D45 /* PracticePlayView.swift in Sources */,
				EEF864BA2559B16900D18C57 /* Search.swift in Sources */,
				EED59EB62559684C00A15D45 /* PracticeSongLibraryView.swift in Sources */,
				EEB645E82538C2D1004776C8 /* MyView.swift in Sources */,
				EEB645D92538C28E004776C8 /* PersonalizeView.swift in Sources */,
				EEC8D0F825599766000D60F1 /* CourseDescriptorItem.swift in Sources */,
				EEC4EDD42559A1DF00731FCB /* CoursePlayer.swift in Sources */,
				EEB645D42538C284004776C8 /* CommunityView.swift in Sources */,
				EEA09495255A5F0000DD5351 /* CoursePlayerController.swift in Sources */,
				EED59EA2255967E200A15D45 /* InstrumentSelector.swift in Sources */,
				EEFA856F2538BB3800C4BDB6 /* Utils.swift in Sources */,
				EEC4631B253E988200404684 /* ColorExtension.swift in Sources */,
				EED59EB12559684000A15D45 /* PracticeMovementView.swift in Sources */,
				EED59EAC2559682100A15D45 /* PracticeSkillPocketView.swift in Sources */,
				EEC4EDCF2559A1D500731FCB /* CourseDescription.swift in Sources */,
				EEC8D0E325599393000D60F1 /* CourseModel.swift in Sources */,
				EEC4EDE12559A20700731FCB /* DemoCourseController.swift in Sources */,
			);
			runOnlyForDeploymentPostprocessing = 0;
		};
		EEE02DC525386E06001D5198 /* Sources */ = {
			isa = PBXSourcesBuildPhase;
			buildActionMask = 2147483647;
			files = (
				EEE02DCE25386E06001D5198 /* HPMusicTests.swift in Sources */,
			);
			runOnlyForDeploymentPostprocessing = 0;
		};
		EEE02DD025386E06001D5198 /* Sources */ = {
			isa = PBXSourcesBuildPhase;
			buildActionMask = 2147483647;
			files = (
				EEE02DD925386E06001D5198 /* HPMusicUITests.swift in Sources */,
			);
			runOnlyForDeploymentPostprocessing = 0;
		};
/* End PBXSourcesBuildPhase section */

/* Begin PBXTargetDependency section */
		EEE02DCB25386E06001D5198 /* PBXTargetDependency */ = {
			isa = PBXTargetDependency;
			target = EEE02DB225386E03001D5198 /* HPMusic */;
			targetProxy = EEE02DCA25386E06001D5198 /* PBXContainerItemProxy */;
		};
		EEE02DD625386E06001D5198 /* PBXTargetDependency */ = {
			isa = PBXTargetDependency;
			target = EEE02DB225386E03001D5198 /* HPMusic */;
			targetProxy = EEE02DD525386E06001D5198 /* PBXContainerItemProxy */;
		};
/* End PBXTargetDependency section */

/* Begin PBXVariantGroup section */
		EEB645C82538C1B5004776C8 /* InfoPlist.strings */ = {
			isa = PBXVariantGroup;
			children = (
				EEB645C72538C1B5004776C8 /* zh-Hans */,
				EEB645CC2538C1B8004776C8 /* en */,
			);
			name = InfoPlist.strings;
			sourceTree = "<group>";
		};
		EEFA85462538B77300C4BDB6 /* Localization.strings */ = {
			isa = PBXVariantGroup;
			children = (
				EEFA854A2538B77600C4BDB6 /* en */,
				EED97DFD25517A5600299E57 /* zh-Hans */,
			);
			name = Localization.strings;
			sourceTree = "<group>";
		};
/* End PBXVariantGroup section */

/* Begin XCBuildConfiguration section */
		EEE02DDB25386E06001D5198 /* Debug */ = {
			isa = XCBuildConfiguration;
			buildSettings = {
				ALWAYS_SEARCH_USER_PATHS = NO;
				CLANG_ANALYZER_LOCALIZABILITY_NONLOCALIZED = NO;
				CLANG_ANALYZER_NONNULL = YES;
				CLANG_ANALYZER_NUMBER_OBJECT_CONVERSION = YES_AGGRESSIVE;
				CLANG_CXX_LANGUAGE_STANDARD = "gnu++14";
				CLANG_CXX_LIBRARY = "libc++";
				CLANG_ENABLE_MODULES = YES;
				CLANG_ENABLE_OBJC_ARC = YES;
				CLANG_ENABLE_OBJC_WEAK = YES;
				CLANG_WARN_BLOCK_CAPTURE_AUTORELEASING = YES;
				CLANG_WARN_BOOL_CONVERSION = YES;
				CLANG_WARN_COMMA = YES;
				CLANG_WARN_CONSTANT_CONVERSION = YES;
				CLANG_WARN_DEPRECATED_OBJC_IMPLEMENTATIONS = YES;
				CLANG_WARN_DIRECT_OBJC_ISA_USAGE = YES_ERROR;
				CLANG_WARN_DOCUMENTATION_COMMENTS = YES;
				CLANG_WARN_EMPTY_BODY = YES;
				CLANG_WARN_ENUM_CONVERSION = YES;
				CLANG_WARN_INFINITE_RECURSION = YES;
				CLANG_WARN_INT_CONVERSION = YES;
				CLANG_WARN_NON_LITERAL_NULL_CONVERSION = YES;
				CLANG_WARN_OBJC_IMPLICIT_RETAIN_SELF = YES;
				CLANG_WARN_OBJC_LITERAL_CONVERSION = YES;
				CLANG_WARN_OBJC_ROOT_CLASS = YES_ERROR;
				CLANG_WARN_QUOTED_INCLUDE_IN_FRAMEWORK_HEADER = YES;
				CLANG_WARN_RANGE_LOOP_ANALYSIS = YES;
				CLANG_WARN_STRICT_PROTOTYPES = YES;
				CLANG_WARN_SUSPICIOUS_MOVE = YES;
				CLANG_WARN_UNGUARDED_AVAILABILITY = YES_AGGRESSIVE;
				CLANG_WARN_UNREACHABLE_CODE = YES;
				CLANG_WARN__DUPLICATE_METHOD_MATCH = YES;
				COPY_PHASE_STRIP = NO;
				DEBUG_INFORMATION_FORMAT = dwarf;
				ENABLE_STRICT_OBJC_MSGSEND = YES;
				ENABLE_TESTABILITY = YES;
				GCC_C_LANGUAGE_STANDARD = gnu11;
				GCC_DYNAMIC_NO_PIC = NO;
				GCC_NO_COMMON_BLOCKS = YES;
				GCC_OPTIMIZATION_LEVEL = 0;
				GCC_PREPROCESSOR_DEFINITIONS = (
					"DEBUG=1",
					"$(inherited)",
				);
				GCC_WARN_64_TO_32_BIT_CONVERSION = YES;
				GCC_WARN_ABOUT_RETURN_TYPE = YES_ERROR;
				GCC_WARN_UNDECLARED_SELECTOR = YES;
				GCC_WARN_UNINITIALIZED_AUTOS = YES_AGGRESSIVE;
				GCC_WARN_UNUSED_FUNCTION = YES;
				GCC_WARN_UNUSED_VARIABLE = YES;
				IPHONEOS_DEPLOYMENT_TARGET = 14.0;
				MTL_ENABLE_DEBUG_INFO = INCLUDE_SOURCE;
				MTL_FAST_MATH = YES;
				ONLY_ACTIVE_ARCH = YES;
				SDKROOT = iphoneos;
				SWIFT_ACTIVE_COMPILATION_CONDITIONS = DEBUG;
				SWIFT_OPTIMIZATION_LEVEL = "-Onone";
			};
			name = Debug;
		};
		EEE02DDC25386E06001D5198 /* Release */ = {
			isa = XCBuildConfiguration;
			buildSettings = {
				ALWAYS_SEARCH_USER_PATHS = NO;
				CLANG_ANALYZER_LOCALIZABILITY_NONLOCALIZED = NO;
				CLANG_ANALYZER_NONNULL = YES;
				CLANG_ANALYZER_NUMBER_OBJECT_CONVERSION = YES_AGGRESSIVE;
				CLANG_CXX_LANGUAGE_STANDARD = "gnu++14";
				CLANG_CXX_LIBRARY = "libc++";
				CLANG_ENABLE_MODULES = YES;
				CLANG_ENABLE_OBJC_ARC = YES;
				CLANG_ENABLE_OBJC_WEAK = YES;
				CLANG_WARN_BLOCK_CAPTURE_AUTORELEASING = YES;
				CLANG_WARN_BOOL_CONVERSION = YES;
				CLANG_WARN_COMMA = YES;
				CLANG_WARN_CONSTANT_CONVERSION = YES;
				CLANG_WARN_DEPRECATED_OBJC_IMPLEMENTATIONS = YES;
				CLANG_WARN_DIRECT_OBJC_ISA_USAGE = YES_ERROR;
				CLANG_WARN_DOCUMENTATION_COMMENTS = YES;
				CLANG_WARN_EMPTY_BODY = YES;
				CLANG_WARN_ENUM_CONVERSION = YES;
				CLANG_WARN_INFINITE_RECURSION = YES;
				CLANG_WARN_INT_CONVERSION = YES;
				CLANG_WARN_NON_LITERAL_NULL_CONVERSION = YES;
				CLANG_WARN_OBJC_IMPLICIT_RETAIN_SELF = YES;
				CLANG_WARN_OBJC_LITERAL_CONVERSION = YES;
				CLANG_WARN_OBJC_ROOT_CLASS = YES_ERROR;
				CLANG_WARN_QUOTED_INCLUDE_IN_FRAMEWORK_HEADER = YES;
				CLANG_WARN_RANGE_LOOP_ANALYSIS = YES;
				CLANG_WARN_STRICT_PROTOTYPES = YES;
				CLANG_WARN_SUSPICIOUS_MOVE = YES;
				CLANG_WARN_UNGUARDED_AVAILABILITY = YES_AGGRESSIVE;
				CLANG_WARN_UNREACHABLE_CODE = YES;
				CLANG_WARN__DUPLICATE_METHOD_MATCH = YES;
				COPY_PHASE_STRIP = NO;
				DEBUG_INFORMATION_FORMAT = "dwarf-with-dsym";
				ENABLE_NS_ASSERTIONS = NO;
				ENABLE_STRICT_OBJC_MSGSEND = YES;
				GCC_C_LANGUAGE_STANDARD = gnu11;
				GCC_NO_COMMON_BLOCKS = YES;
				GCC_WARN_64_TO_32_BIT_CONVERSION = YES;
				GCC_WARN_ABOUT_RETURN_TYPE = YES_ERROR;
				GCC_WARN_UNDECLARED_SELECTOR = YES;
				GCC_WARN_UNINITIALIZED_AUTOS = YES_AGGRESSIVE;
				GCC_WARN_UNUSED_FUNCTION = YES;
				GCC_WARN_UNUSED_VARIABLE = YES;
				IPHONEOS_DEPLOYMENT_TARGET = 14.0;
				MTL_ENABLE_DEBUG_INFO = NO;
				MTL_FAST_MATH = YES;
				SDKROOT = iphoneos;
				SWIFT_COMPILATION_MODE = wholemodule;
				SWIFT_OPTIMIZATION_LEVEL = "-O";
				VALIDATE_PRODUCT = YES;
			};
			name = Release;
		};
		EEE02DDE25386E06001D5198 /* Debug */ = {
			isa = XCBuildConfiguration;
			baseConfigurationReference = A03E3D90F6DBEB8C3DD73ADD /* Pods-HPMusic.debug.xcconfig */;
			buildSettings = {
				ASSETCATALOG_COMPILER_APPICON_NAME = AppIcon;
				ASSETCATALOG_COMPILER_GLOBAL_ACCENT_COLOR_NAME = AccentColor;
				CODE_SIGN_STYLE = Automatic;
				DEVELOPMENT_ASSET_PATHS = "\"HPMusic/Preview Content\"";
				DEVELOPMENT_TEAM = 7P6FX59VQB;
				ENABLE_PREVIEWS = YES;
				INFOPLIST_FILE = HPMusic/Info.plist;
				IPHONEOS_DEPLOYMENT_TARGET = 14.0;
				LD_RUNPATH_SEARCH_PATHS = (
					"$(inherited)",
					"@executable_path/Frameworks",
				);
				PRODUCT_BUNDLE_IDENTIFIER = com.hoppocketmusic.client;
				PRODUCT_NAME = "$(TARGET_NAME)";
				SWIFT_VERSION = 5.0;
				TARGETED_DEVICE_FAMILY = "1,2";
			};
			name = Debug;
		};
		EEE02DDF25386E06001D5198 /* Release */ = {
			isa = XCBuildConfiguration;
			baseConfigurationReference = 11CCD300A8BAE8AE279BA798 /* Pods-HPMusic.release.xcconfig */;
			buildSettings = {
				ASSETCATALOG_COMPILER_APPICON_NAME = AppIcon;
				ASSETCATALOG_COMPILER_GLOBAL_ACCENT_COLOR_NAME = AccentColor;
				CODE_SIGN_STYLE = Automatic;
				DEVELOPMENT_ASSET_PATHS = "\"HPMusic/Preview Content\"";
				DEVELOPMENT_TEAM = 7P6FX59VQB;
				ENABLE_PREVIEWS = YES;
				INFOPLIST_FILE = HPMusic/Info.plist;
				IPHONEOS_DEPLOYMENT_TARGET = 14.0;
				LD_RUNPATH_SEARCH_PATHS = (
					"$(inherited)",
					"@executable_path/Frameworks",
				);
				PRODUCT_BUNDLE_IDENTIFIER = com.hoppocketmusic.client;
				PRODUCT_NAME = "$(TARGET_NAME)";
				SWIFT_VERSION = 5.0;
				TARGETED_DEVICE_FAMILY = "1,2";
			};
			name = Release;
		};
		EEE02DE125386E06001D5198 /* Debug */ = {
			isa = XCBuildConfiguration;
			baseConfigurationReference = F1D4B2FA95E5A746A43EEA80 /* Pods-HPMusicTests.debug.xcconfig */;
			buildSettings = {
				ALWAYS_EMBED_SWIFT_STANDARD_LIBRARIES = YES;
				BUNDLE_LOADER = "$(TEST_HOST)";
				CODE_SIGN_STYLE = Automatic;
				DEVELOPMENT_TEAM = 7P6FX59VQB;
				INFOPLIST_FILE = HPMusicTests/Info.plist;
				IPHONEOS_DEPLOYMENT_TARGET = 14.0;
				LD_RUNPATH_SEARCH_PATHS = (
					"$(inherited)",
					"@executable_path/Frameworks",
					"@loader_path/Frameworks",
				);
				PRODUCT_BUNDLE_IDENTIFIER = com.hoppocketmusic.HPMusicTests;
				PRODUCT_NAME = "$(TARGET_NAME)";
				SWIFT_VERSION = 5.0;
				TARGETED_DEVICE_FAMILY = "1,2";
				TEST_HOST = "$(BUILT_PRODUCTS_DIR)/HPMusic.app/HPMusic";
			};
			name = Debug;
		};
		EEE02DE225386E06001D5198 /* Release */ = {
			isa = XCBuildConfiguration;
			baseConfigurationReference = 34E9325704952AB5B1CC07B0 /* Pods-HPMusicTests.release.xcconfig */;
			buildSettings = {
				ALWAYS_EMBED_SWIFT_STANDARD_LIBRARIES = YES;
				BUNDLE_LOADER = "$(TEST_HOST)";
				CODE_SIGN_STYLE = Automatic;
				DEVELOPMENT_TEAM = 7P6FX59VQB;
				INFOPLIST_FILE = HPMusicTests/Info.plist;
				IPHONEOS_DEPLOYMENT_TARGET = 14.0;
				LD_RUNPATH_SEARCH_PATHS = (
					"$(inherited)",
					"@executable_path/Frameworks",
					"@loader_path/Frameworks",
				);
				PRODUCT_BUNDLE_IDENTIFIER = com.hoppocketmusic.HPMusicTests;
				PRODUCT_NAME = "$(TARGET_NAME)";
				SWIFT_VERSION = 5.0;
				TARGETED_DEVICE_FAMILY = "1,2";
				TEST_HOST = "$(BUILT_PRODUCTS_DIR)/HPMusic.app/HPMusic";
			};
			name = Release;
		};
		EEE02DE425386E06001D5198 /* Debug */ = {
			isa = XCBuildConfiguration;
			baseConfigurationReference = E6E4E659D1735F30FF7C1188 /* Pods-HPMusic-HPMusicUITests.debug.xcconfig */;
			buildSettings = {
				ALWAYS_EMBED_SWIFT_STANDARD_LIBRARIES = YES;
				CODE_SIGN_STYLE = Automatic;
				DEVELOPMENT_TEAM = 7P6FX59VQB;
				INFOPLIST_FILE = HPMusicUITests/Info.plist;
				LD_RUNPATH_SEARCH_PATHS = (
					"$(inherited)",
					"@executable_path/Frameworks",
					"@loader_path/Frameworks",
				);
				PRODUCT_BUNDLE_IDENTIFIER = com.hoppocketmusic.HPMusicUITests;
				PRODUCT_NAME = "$(TARGET_NAME)";
				SWIFT_VERSION = 5.0;
				TARGETED_DEVICE_FAMILY = "1,2";
				TEST_TARGET_NAME = HPMusic;
			};
			name = Debug;
		};
		EEE02DE525386E06001D5198 /* Release */ = {
			isa = XCBuildConfiguration;
			baseConfigurationReference = 5F352F5B49D23D5F2E510307 /* Pods-HPMusic-HPMusicUITests.release.xcconfig */;
			buildSettings = {
				ALWAYS_EMBED_SWIFT_STANDARD_LIBRARIES = YES;
				CODE_SIGN_STYLE = Automatic;
				DEVELOPMENT_TEAM = 7P6FX59VQB;
				INFOPLIST_FILE = HPMusicUITests/Info.plist;
				LD_RUNPATH_SEARCH_PATHS = (
					"$(inherited)",
					"@executable_path/Frameworks",
					"@loader_path/Frameworks",
				);
				PRODUCT_BUNDLE_IDENTIFIER = com.hoppocketmusic.HPMusicUITests;
				PRODUCT_NAME = "$(TARGET_NAME)";
				SWIFT_VERSION = 5.0;
				TARGETED_DEVICE_FAMILY = "1,2";
				TEST_TARGET_NAME = HPMusic;
			};
			name = Release;
		};
/* End XCBuildConfiguration section */

/* Begin XCConfigurationList section */
		EEE02DAE25386E03001D5198 /* Build configuration list for PBXProject "HPMusic" */ = {
			isa = XCConfigurationList;
			buildConfigurations = (
				EEE02DDB25386E06001D5198 /* Debug */,
				EEE02DDC25386E06001D5198 /* Release */,
			);
			defaultConfigurationIsVisible = 0;
			defaultConfigurationName = Release;
		};
		EEE02DDD25386E06001D5198 /* Build configuration list for PBXNativeTarget "HPMusic" */ = {
			isa = XCConfigurationList;
			buildConfigurations = (
				EEE02DDE25386E06001D5198 /* Debug */,
				EEE02DDF25386E06001D5198 /* Release */,
			);
			defaultConfigurationIsVisible = 0;
			defaultConfigurationName = Release;
		};
		EEE02DE025386E06001D5198 /* Build configuration list for PBXNativeTarget "HPMusicTests" */ = {
			isa = XCConfigurationList;
			buildConfigurations = (
				EEE02DE125386E06001D5198 /* Debug */,
				EEE02DE225386E06001D5198 /* Release */,
			);
			defaultConfigurationIsVisible = 0;
			defaultConfigurationName = Release;
		};
		EEE02DE325386E06001D5198 /* Build configuration list for PBXNativeTarget "HPMusicUITests" */ = {
			isa = XCConfigurationList;
			buildConfigurations = (
				EEE02DE425386E06001D5198 /* Debug */,
				EEE02DE525386E06001D5198 /* Release */,
			);
			defaultConfigurationIsVisible = 0;
			defaultConfigurationName = Release;
		};
/* End XCConfigurationList section */

/* Begin XCVersionGroup section */
		EEE02DC125386E05001D5198 /* HPMusic.xcdatamodeld */ = {
			isa = XCVersionGroup;
			children = (
				EEE02DC225386E05001D5198 /* HPMusic.xcdatamodel */,
			);
			currentVersion = EEE02DC225386E05001D5198 /* HPMusic.xcdatamodel */;
			path = HPMusic.xcdatamodeld;
			sourceTree = "<group>";
			versionGroupType = wrapper.xcdatamodel;
		};
/* End XCVersionGroup section */
	};
	rootObject = EEE02DAB25386E03001D5198 /* Project object */;
}
